<?xml version="1.0" encoding="utf-8"?>
<Project ToolsVersion="4.0" xmlns="http://schemas.microsoft.com/developer/msbuild/2003">
  <ItemGroup>
    <Filter Include="Core">
      <UniqueIdentifier>{3c6e462f-3467-4c11-a3ca-89d848f92a6a}</UniqueIdentifier>
    </Filter>
    <Filter Include="Core\Timer">
      <UniqueIdentifier>{90443655-2ef1-4f5e-818d-c6a6aa879114}</UniqueIdentifier>
    </Filter>
    <Filter Include="Component">
      <UniqueIdentifier>{9ae45ef9-0896-448f-987a-bc8b3d600ef7}</UniqueIdentifier>
    </Filter>
    <Filter Include="Scene">
      <UniqueIdentifier>{27bfe7fb-ef44-486a-a4ef-1c6e851509e8}</UniqueIdentifier>
    </Filter>
    <Filter Include="Debug">
      <UniqueIdentifier>{5f3639ec-0348-40d7-bb8e-ff1e2d9a0dfe}</UniqueIdentifier>
    </Filter>
    <Filter Include="Debug\ImGui">
      <UniqueIdentifier>{059b4fc5-12a6-4151-9213-2fee5042175a}</UniqueIdentifier>
    </Filter>
    <Filter Include="Graphics">
      <UniqueIdentifier>{85bacaab-b8d4-4725-9aa0-31cdf2bfa5ed}</UniqueIdentifier>
    </Filter>
    <Filter Include="Graphics\Mesh">
      <UniqueIdentifier>{2ff99da2-866c-4b18-8910-3cea79ca44a7}</UniqueIdentifier>
    </Filter>
    <Filter Include="Graphics\Shader">
      <UniqueIdentifier>{03e81f4e-638a-4338-8fc1-19aaa5f1c23e}</UniqueIdentifier>
    </Filter>
    <Filter Include="Graphics\Material">
      <UniqueIdentifier>{bddc44d8-1353-4fbf-bb41-dded0db1d328}</UniqueIdentifier>
    </Filter>
    <Filter Include="Graphics\Model">
      <UniqueIdentifier>{0740ac38-a608-46de-a0ac-4dd6989c71c3}</UniqueIdentifier>
    </Filter>
    <Filter Include="Graphics\Light">
      <UniqueIdentifier>{5b510f09-d5dc-4867-aaf6-3532f2128005}</UniqueIdentifier>
    </Filter>
    <Filter Include="Particle">
      <UniqueIdentifier>{a7bf1cf7-0ce7-4517-a514-814a5054ada4}</UniqueIdentifier>
    </Filter>
    <Filter Include="Graphics\Shader\HLSL">
      <UniqueIdentifier>{67DA6AB6-F800-4c08-8B7A-83BB121AAD01}</UniqueIdentifier>
      <Extensions>rc;ico;cur;bmp;dlg;rc2;rct;bin;rgs;gif;jpg;jpeg;jpe;resx;tiff;tif;png;wav;mfcribbon-ms</Extensions>
    </Filter>
    <Filter Include="Manager">
      <UniqueIdentifier>{75d9783c-b55a-472c-ad83-fa5cb325c86d}</UniqueIdentifier>
    </Filter>
    <Filter Include="Camera">
      <UniqueIdentifier>{484af747-754a-4d10-9c87-07291afa2729}</UniqueIdentifier>
    </Filter>
    <Filter Include="Graphics\Shader\HLSL\Particle">
      <UniqueIdentifier>{94a7dd83-707a-4a0e-9bad-58ceed3674f7}</UniqueIdentifier>
    </Filter>
    <Filter Include="Graphics\Shader\HLSL\Particle\Common">
      <UniqueIdentifier>{3c8d9031-e831-416a-beea-c2950a03aa50}</UniqueIdentifier>
    </Filter>
    <Filter Include="VFX_Editor">
      <UniqueIdentifier>{c0ca76f9-bcab-46e0-9af4-2d1457849989}</UniqueIdentifier>
    </Filter>
    <Filter Include="State">
      <UniqueIdentifier>{f79dca39-7ee8-46fe-b7f1-f5aa10de2722}</UniqueIdentifier>
    </Filter>
    <Filter Include="Object">
      <UniqueIdentifier>{6f98e7a6-a191-43f0-83f1-3b92970fe2d2}</UniqueIdentifier>
    </Filter>
    <Filter Include="ECS">
      <UniqueIdentifier>{c2088c0f-c5fc-4338-9d8e-73a9200181a9}</UniqueIdentifier>
    </Filter>
    <Filter Include="Graphics\Shader\HLSL\Skinning">
      <UniqueIdentifier>{9ab8a067-1029-4c64-be59-430e6746dec3}</UniqueIdentifier>
    </Filter>
    <Filter Include="Collider">
      <UniqueIdentifier>{1a085175-6057-4e02-af4e-403895c02aed}</UniqueIdentifier>
    </Filter>
    <Filter Include="ECS\System">
      <UniqueIdentifier>{63da9086-1b00-4b57-9c11-31de4243c481}</UniqueIdentifier>
    </Filter>
    <Filter Include="Component\Projectile">
      <UniqueIdentifier>{9183aad3-9b58-46b2-be16-209416a03b52}</UniqueIdentifier>
    </Filter>
    <Filter Include="Graphics\Shader\HLSL\Projectile">
      <UniqueIdentifier>{089bab3f-1695-4277-81b5-da88a06050ab}</UniqueIdentifier>
    </Filter>
    <Filter Include="Graphics\Renderer">
      <UniqueIdentifier>{e783db0f-676c-4e06-a9ed-5982b9fb5807}</UniqueIdentifier>
    </Filter>
    <Filter Include="Graphics\Shader\HLSL\UI">
      <UniqueIdentifier>{745bc767-2c4a-45cd-822b-ec05990560e1}</UniqueIdentifier>
    </Filter>
    <Filter Include="UI">
      <UniqueIdentifier>{ef362e5f-7fdb-4e15-ae47-a3d12a65aeea}</UniqueIdentifier>
    </Filter>
    <Filter Include="Assets">
      <UniqueIdentifier>{b4f0a9d2-6c1e-4a83-9f57-2d8e0c3b7a41}</UniqueIdentifier>
    </Filter>
    <Filter Include="Assets\Fonts">
      <UniqueIdentifier>{e7c2d5f8-1a4b-4c96-b3d0-5f8a2e6c9b17}</UniqueIdentifier>
    </Filter>
    <Filter Include="Item">
      <UniqueIdentifier>{cda9d411-fdb6-4ffd-b061-013e69e3ed5a}</UniqueIdentifier>
    </Filter>
    <Filter Include="Item\Items">
      <UniqueIdentifier>{7d84ecb7-5271-4192-b5b6-a024e1f521d7}</UniqueIdentifier>
    </Filter>
    <Filter Include="Player">
      <UniqueIdentifier>{899d840c-906e-489f-a048-c835fe4b0aa8}</UniqueIdentifier>
    </Filter>
  </ItemGroup>
  <ItemGroup>
    <ClCompile Include="Core\Application.cpp">
      <Filter>Core</Filter>
    </ClCompile>
    <ClCompile Include="Core\Window.cpp">
      <Filter>Core</Filter>
    </ClCompile>
    <ClCompile Include="Core\Timer\EngineTimer.cpp">
      <Filter>Core\Timer</Filter>
    </ClCompile>
    <ClCompile Include="Core\Timer\GameTimer.cpp">
      <Filter>Core\Timer</Filter>
    </ClCompile>
    <ClCompile Include="Core\main.cpp">
      <Filter>Core</Filter>
    </ClCompile>
    <ClCompile Include="Graphics\Graphics.cpp">
      <Filter>Graphics</Filter>
    </ClCompile>
    <ClCompile Include="Graphics\Transform.cpp">
      <Filter>Graphics</Filter>
    </ClCompile>
    <ClCompile Include="Graphics\Mesh\Mesh.cpp">
      <Filter>Graphics\Mesh</Filter>
    </ClCompile>
    <ClCompile Include="Object\TestCube.cpp">
      <Filter>Object</Filter>
    </ClCompile>
    <ClCompile Include="Graphics\Material\Material.cpp">
      <Filter>Graphics\Material</Filter>
    </ClCompile>
    <ClCompile Include="Graphics\Material\Texture.cpp">
      <Filter>Graphics\Material</Filter>
    </ClCompile>
    <ClCompile Include="Scene\SceneManager.cpp">
      <Filter>Scene</Filter>
    </ClCompile>
    <ClCompile Include="Scene\TestScene.cpp">
      <Filter>Scene</Filter>
    </ClCompile>
    <ClCompile Include="Scene\SceneBase.cpp">
      <Filter>Scene</Filter>
    </ClCompile>
    <ClCompile Include="Object\ObjectManager.cpp">
      <Filter>Object</Filter>
    </ClCompile>
    <ClCompile Include="Graphics\Shader\Shader.cpp">
      <Filter>Graphics\Shader</Filter>
    </ClCompile>
    <ClCompile Include="Component\MeshRenderer.cpp">
      <Filter>Component</Filter>
    </ClCompile>
    <ClCompile Include="ThirdParty\ImGui\imgui.cpp">
      <Filter>Debug\ImGui</Filter>
    </ClCompile>
    <ClCompile Include="ThirdParty\ImGui\imgui_draw.cpp">
      <Filter>Debug\ImGui</Filter>
    </ClCompile>
    <ClCompile Include="ThirdParty\ImGui\imgui_impl_dx11.cpp">
      <Filter>Debug\ImGui</Filter>
    </ClCompile>
    <ClCompile Include="ThirdParty\ImGui\imgui_impl_win32.cpp">
      <Filter>Debug\ImGui</Filter>
    </ClCompile>
    <ClCompile Include="ThirdParty\ImGui\imgui_tables.cpp">
      <Filter>Debug\ImGui</Filter>
    </ClCompile>
    <ClCompile Include="ThirdParty\ImGui\imgui_widgets.cpp">
      <Filter>Debug\ImGui</Filter>
    </ClCompile>
    <ClCompile Include="Debug\ImGuiManager.cpp">
      <Filter>Debug</Filter>
    </ClCompile>
    <ClCompile Include="Graphics\Model\Model.cpp">
      <Filter>Graphics\Model</Filter>
    </ClCompile>
    <ClCompile Include="Component\ModelRenderer.cpp">
      <Filter>Component</Filter>
    </ClCompile>
    <ClCompile Include="ThirdParty\stb_image\stb_image.cpp">
      <Filter>Graphics\Material</Filter>
    </ClCompile>
    <ClCompile Include="Object\GameObject.cpp">
      <Filter>Object</Filter>
    </ClCompile>
    <ClCompile Include="Core\Game.cpp">
      <Filter>Core</Filter>
    </ClCompile>
    <ClCompile Include="Particle\GPUParticleSystem.cpp">
      <Filter>Particle</Filter>
    </ClCompile>
    <ClCompile Include="Particle\GPUParticleEmitter.cpp">
      <Filter>Particle</Filter>
    </ClCompile>
    <ClCompile Include="Particle\ParticleDeadList.cpp">
      <Filter>Particle</Filter>
    </ClCompile>
    <ClCompile Include="Scene\GPUParticleTestScene.cpp">
      <Filter>Scene</Filter>
    </ClCompile>
    <ClCompile Include="Debug\ImGuiRenderer.cpp">
      <Filter>Debug</Filter>
    </ClCompile>
    <ClCompile Include="Debug\DebugManager.cpp">
      <Filter>Debug</Filter>
    </ClCompile>
    <ClCompile Include="Manager\InputManager.cpp">
      <Filter>Manager</Filter>
    </ClCompile>
    <ClCompile Include="Manager\ResourceManager.cpp">
      <Filter>Manager</Filter>
    </ClCompile>
    <ClCompile Include="Camera\CameraBase.cpp">
      <Filter>Camera</Filter>
    </ClCompile>
    <ClCompile Include="Camera\DebugCamera.cpp">
      <Filter>Camera</Filter>
    </ClCompile>
    <ClCompile Include="Debug\DebugLineRenderer.cpp">
      <Filter>Debug</Filter>
    </ClCompile>
    <ClCompile Include="VFX_Editor\VFXParticleEntry.cpp">
      <Filter>VFX_Editor</Filter>
    </ClCompile>
    <ClCompile Include="VFX_Editor\VFXEffect.cpp">
      <Filter>VFX_Editor</Filter>
    </ClCompile>
    <ClCompile Include="VFX_Editor\VFXEditor.cpp">
      <Filter>VFX_Editor</Filter>
    </ClCompile>
    <ClCompile Include="Graphics\Shader\ComputeShader.cpp">
      <Filter>Graphics\Shader</Filter>
    </ClCompile>
    <ClCompile Include="Graphics\Shader\PixelShader.cpp">
      <Filter>Graphics\Shader</Filter>
    </ClCompile>
    <ClCompile Include="Graphics\Shader\VertexShader.cpp">
      <Filter>Graphics\Shader</Filter>
    </ClCompile>
    <ClCompile Include="VFX_Editor\VFXStates.cpp">
      <Filter>VFX_Editor</Filter>
    </ClCompile>
    <ClCompile Include="State\ECSComponents.cpp">
      <Filter>State</Filter>
    </ClCompile>
    <ClCompile Include="State\CounterStates.cpp">
      <Filter>State</Filter>
    </ClCompile>
    <ClCompile Include="State\StateMachineSystem.cpp">
      <Filter>State</Filter>
    </ClCompile>
    <ClCompile Include="Graphics\Model\SkinnedModel.cpp">
      <Filter>Graphics\Model</Filter>
    </ClCompile>
    <ClCompile Include="Graphics\Model\SkinnedModelGPU.cpp">
      <Filter>Graphics\Model</Filter>
    </ClCompile>
    <ClCompile Include="Scene\GYScene.cpp">
      <Filter>Scene</Filter>
    </ClCompile>
    <ClCompile Include="Collider\CollisionSystem.cpp">
      <Filter>Collider</Filter>
    </ClCompile>
    <ClCompile Include="Scene\CollisionTestScene.cpp">
      <Filter>Scene</Filter>
    </ClCompile>
    <ClCompile Include="Debug\TestSpawner.cpp">
      <Filter>Debug</Filter>
    </ClCompile>
    <ClCompile Include="Graphics\PrimitiveBuilder.cpp">
      <Filter>Graphics</Filter>
    </ClCompile>
    <ClCompile Include="Camera\FollowCamera.cpp">
      <Filter>Camera</Filter>
    </ClCompile>
    <ClCompile Include="ECS\System\PhysicsSystem.cpp">
      <Filter>ECS\System</Filter>
    </ClCompile>
    <ClCompile Include="ECS\System\RenderSystem.cpp">
      <Filter>ECS\System</Filter>
    </ClCompile>
    <ClCompile Include="ECS\System\WeaponSystem.cpp">
      <Filter>ECS\System</Filter>
    </ClCompile>
    <ClCompile Include="ECS\System\ProjectileSystem.cpp">
      <Filter>ECS\System</Filter>
    </ClCompile>
    <ClCompile Include="Scene\VFXEditorScene.cpp">
      <Filter>Scene</Filter>
    </ClCompile>
    <ClCompile Include="ECS\System\ProjectileVFXSystem.cpp">
      <Filter>ECS\System</Filter>
    </ClCompile>
    <ClCompile Include="Graphics\Renderer\Renderer.cpp">
      <Filter>Graphics\Renderer</Filter>
    </ClCompile>
    <ClCompile Include="Graphics\Renderer\RenderStates.cpp">
      <Filter>Graphics\Renderer</Filter>
    </ClCompile>
    <ClCompile Include="Graphics\Renderer\Skybox.cpp">
      <Filter>Graphics\Renderer</Filter>
    </ClCompile>
    <ClCompile Include="Graphics\Renderer\ProjectileBillboardRenderer.cpp">
      <Filter>Graphics\Renderer</Filter>
    </ClCompile>
    <ClCompile Include="Graphics\Renderer\SpriteRenderer.cpp">
      <Filter>Graphics\Renderer</Filter>
    </ClCompile>
    <ClCompile Include="Graphics\Renderer\TextRenderer.cpp">
      <Filter>Graphics\Renderer</Filter>
    </ClCompile>
    <ClCompile Include="UI\BackpackUI.cpp">
      <Filter>UI</Filter>
    </ClCompile>
    <ClCompile Include="Item\ItemDatabase.cpp">
      <Filter>Item</Filter>
    </ClCompile>
    <ClCompile Include="Item\BackpackLogic.cpp">
      <Filter>Item</Filter>
    </ClCompile>
    <ClCompile Include="ECS\System\BackpackAggregateSystem.cpp">
      <Filter>ECS\System</Filter>
    </ClCompile>
    <ClCompile Include="Player\PlayerControlSystem.cpp">
      <Filter>Player</Filter>
    </ClCompile>
    <ClCompile Include="Player\PlayerFactory.cpp">
      <Filter>Player</Filter>
    </ClCompile>
    <ClCompile Include="Player\PlayerStateSystem.cpp">
      <Filter>Player</Filter>
    </ClCompile>
    <ClCompile Include="Item\ExpOrbSystem.cpp">
      <Filter>Item</Filter>
    </ClCompile>
    <ClCompile Include="UI\LevelUpSystem.cpp">
      <Filter>UI</Filter>
    </ClCompile>
    <ClCompile Include="UI\LevelUpUI.cpp">
      <Filter>UI</Filter>
    </ClCompile>
    <ClCompile Include="UI\UIManager.cpp">
      <Filter>UI</Filter>
    </ClCompile>
    <ClCompile Include="UI\HUD.cpp">
      <Filter>UI</Filter>
    </ClCompile>
  </ItemGroup>
  <ItemGroup>
    <ClInclude Include="Core\Application.h">
      <Filter>Core</Filter>
    </ClInclude>
    <ClInclude Include="Core\Window.h">
      <Filter>Core</Filter>
    </ClInclude>
    <ClInclude Include="Core\Timer\EngineTimer.h">
      <Filter>Core\Timer</Filter>
    </ClInclude>
    <ClInclude Include="Core\Timer\GameTimer.h">
      <Filter>Core\Timer</Filter>
    </ClInclude>
    <ClInclude Include="Component\Component.h">
      <Filter>Component</Filter>
    </ClInclude>
    <ClInclude Include="Object\GameObject.h">
      <Filter>Object</Filter>
    </ClInclude>
    <ClInclude Include="Graphics\Graphics.h">
      <Filter>Graphics</Filter>
    </ClInclude>
    <ClInclude Include="Graphics\ConstantBuffer.h">
      <Filter>Graphics</Filter>
    </ClInclude>
    <ClInclude Include="Graphics\Mesh\Mesh.h">
      <Filter>Graphics\Mesh</Filter>
    </ClInclude>
    <ClInclude Include="Graphics\Shader\Shader.h">
      <Filter>Graphics\Shader</Filter>
    </ClInclude>
    <ClInclude Include="Object\TestCube.h">
      <Filter>Object</Filter>
    </ClInclude>
    <ClInclude Include="Graphics\Material\Material.h">
      <Filter>Graphics\Material</Filter>
    </ClInclude>
    <ClInclude Include="Graphics\Material\Texture.h">
      <Filter>Graphics\Material</Filter>
    </ClInclude>
    <ClInclude Include="Scene\SceneBase.h">
      <Filter>Scene</Filter>
    </ClInclude>
    <ClInclude Include="Scene\SceneManager.h">
      <Filter>Scene</Filter>
    </ClInclude>
    <ClInclude Include="Scene\TestScene.h">
      <Filter>Scene</Filter>
    </ClInclude>
    <ClInclude Include="Object\ObjectManager.h">
      <Filter>Object</Filter>
    </ClInclude>
    <ClInclude Include="Scene\SceneType.h">
      <Filter>Scene</Filter>
    </ClInclude>
    <ClInclude Include="Component\MeshRenderer.h">
      <Filter>Component</Filter>
    </ClInclude>
    <ClInclude Include="ThirdParty\ImGui\imconfig.h">
      <Filter>Debug\ImGui</Filter>
    </ClInclude>
    <ClInclude Include="ThirdParty\ImGui\imgui.h">
      <Filter>Debug\ImGui</Filter>
    </ClInclude>
    <ClInclude Include="ThirdParty\ImGui\imgui_impl_win32.h">
      <Filter>Debug\ImGui</Filter>
    </ClInclude>
    <ClInclude Include="ThirdParty\ImGui\imgui_internal.h">
      <Filter>Debug\ImGui</Filter>
    </ClInclude>
    <ClInclude Include="ThirdParty\ImGui\imstb_rectpack.h">
      <Filter>Debug\ImGui</Filter>
    </ClInclude>
    <ClInclude Include="ThirdParty\ImGui\imstb_textedit.h">
      <Filter>Debug\ImGui</Filter>
    </ClInclude>
    <ClInclude Include="ThirdParty\ImGui\imstb_truetype.h">
      <Filter>Debug\ImGui</Filter>
    </ClInclude>
    <ClInclude Include="ThirdParty\ImGui\imgui_impl_dx11.h">
      <Filter>Debug\ImGui</Filter>
    </ClInclude>
    <ClInclude Include="Debug\ImGuiManager.h">
      <Filter>Debug</Filter>
    </ClInclude>
    <ClInclude Include="Graphics\Mesh\VertexBuffer.h">
      <Filter>Graphics\Mesh</Filter>
    </ClInclude>
    <ClInclude Include="Graphics\Mesh\IndexBuffer.h">
      <Filter>Graphics\Mesh</Filter>
    </ClInclude>
    <ClInclude Include="Graphics\Mesh\Vertex3D.h">
      <Filter>Graphics\Mesh</Filter>
    </ClInclude>
    <ClInclude Include="Graphics\Model\Model.h">
      <Filter>Graphics\Model</Filter>
    </ClInclude>
    <ClInclude Include="Component\ModelRenderer.h">
      <Filter>Component</Filter>
    </ClInclude>
    <ClInclude Include="ThirdParty\stb_image\stb_image.h">
      <Filter>Graphics\Material</Filter>
    </ClInclude>
    <ClInclude Include="Graphics\Light\LightTypes.h">
      <Filter>Graphics\Light</Filter>
    </ClInclude>
    <ClInclude Include="Core\Game.h">
      <Filter>Core</Filter>
    </ClInclude>
    <ClInclude Include="Graphics\Transform.h">
      <Filter>Graphics</Filter>
    </ClInclude>
    <ClInclude Include="Particle\GPUParticleSystem.h">
      <Filter>Particle</Filter>
    </ClInclude>
    <ClInclude Include="Particle\GPUParticle.h">
      <Filter>Particle</Filter>
    </ClInclude>
    <ClInclude Include="Particle\GPUParticleEmitter.h">
      <Filter>Particle</Filter>
    </ClInclude>
    <ClInclude Include="Particle\ParticleDeadList.h">
      <Filter>Particle</Filter>
    </ClInclude>
    <ClInclude Include="Scene\GPUParticleTestScene.h">
      <Filter>Scene</Filter>
    </ClInclude>
    <ClInclude Include="Debug\ImGuiRenderer.h">
      <Filter>Debug</Filter>
    </ClInclude>
    <ClInclude Include="Debug\DebugManager.h">
      <Filter>Debug</Filter>
    </ClInclude>
    <ClInclude Include="Manager\InputManager.h">
      <Filter>Manager</Filter>
    </ClInclude>
    <ClInclude Include="Manager\ResourceManager.h">
      <Filter>Manager</Filter>
    </ClInclude>
    <ClInclude Include="Camera\CameraBase.h">
      <Filter>Camera</Filter>
    </ClInclude>
    <ClInclude Include="Camera\DebugCamera.h">
      <Filter>Camera</Filter>
    </ClInclude>
    <ClInclude Include="Debug\DebugLineRenderer.h">
      <Filter>Debug</Filter>
    </ClInclude>
    <ClInclude Include="VFX_Editor\EntryType.h">
      <Filter>VFX_Editor</Filter>
    </ClInclude>
    <ClInclude Include="VFX_Editor\VFXEntry.h">
      <Filter>VFX_Editor</Filter>
    </ClInclude>
    <ClInclude Include="VFX_Editor\VFXParticleEntry.h">
      <Filter>VFX_Editor</Filter>
    </ClInclude>
    <ClInclude Include="VFX_Editor\VFXEffect.h">
      <Filter>VFX_Editor</Filter>
    </ClInclude>
    <ClInclude Include="VFX_Editor\VFXEditor.h">
      <Filter>VFX_Editor</Filter>
    </ClInclude>
    <ClInclude Include="Graphics\Shader\ComputeShader.h">
      <Filter>Graphics\Shader</Filter>
    </ClInclude>
    <ClInclude Include="Graphics\Shader\PixelShader.h">
      <Filter>Graphics\Shader</Filter>
    </ClInclude>
    <ClInclude Include="Graphics\Shader\VertexShader.h">
      <Filter>Graphics\Shader</Filter>
    </ClInclude>
    <ClInclude Include="State\StateMachine.h">
      <Filter>State</Filter>
    </ClInclude>
    <ClInclude Include="VFX_Editor\VFXStates.h">
      <Filter>VFX_Editor</Filter>
    </ClInclude>
    <ClInclude Include="ECS\Entity.h">
      <Filter>ECS</Filter>
    </ClInclude>
    <ClInclude Include="ECS\SparseSet.h">
      <Filter>ECS</Filter>
    </ClInclude>
    <ClInclude Include="ECS\Registry.h">
      <Filter>ECS</Filter>
    </ClInclude>
    <ClInclude Include="ECS\View.h">
      <Filter>ECS</Filter>
    </ClInclude>
    <ClInclude Include="State\ECSComponents.h">
      <Filter>State</Filter>
    </ClInclude>
    <ClInclude Include="State\CounterStates.h">
      <Filter>State</Filter>
    </ClInclude>
    <ClInclude Include="State\StateMachineSystem.h">
      <Filter>State</Filter>
    </ClInclude>
    <ClInclude Include="ResourcePaths.h" />
    <ClInclude Include="Graphics\Mesh\SkinnedVertex.h">
      <Filter>Graphics\Mesh</Filter>
    </ClInclude>
    <ClInclude Include="Graphics\Model\SkinnedModel.h">
      <Filter>Graphics\Model</Filter>
    </ClInclude>
    <ClInclude Include="Graphics\Model\Skeleton.h">
      <Filter>Graphics\Model</Filter>
    </ClInclude>
    <ClInclude Include="Graphics\Model\SkinnedModelGPU.h">
      <Filter>Graphics\Model</Filter>
    </ClInclude>
    <ClInclude Include="AssimpFlags.h" />
    <ClInclude Include="Scene\GYScene.h">
      <Filter>Scene</Filter>
    </ClInclude>
    <ClInclude Include="Component\TransformComponent.h">
      <Filter>Component</Filter>
    </ClInclude>
    <ClInclude Include="Component\ColliderComponent.h">
      <Filter>Component</Filter>
    </ClInclude>
    <ClInclude Include="Collider\CollisionMath.h">
      <Filter>Collider</Filter>
    </ClInclude>
    <ClInclude Include="Collider\CollisionSystem.h">
      <Filter>Collider</Filter>
    </ClInclude>
    <ClInclude Include="Scene\CollisionTestScene.h">
      <Filter>Scene</Filter>
    </ClInclude>
    <ClInclude Include="Collider\GPUCollider.h">
      <Filter>Collider</Filter>
    </ClInclude>
    <ClInclude Include="Component\ModelComponent.h">
      <Filter>Component</Filter>
    </ClInclude>
    <ClInclude Include="Component\RigidbodyComponent.h">
      <Filter>Component</Filter>
    </ClInclude>
    <ClInclude Include="Component\PhysicsMath.h">
      <Filter>Component</Filter>
    </ClInclude>
    <ClInclude Include="Debug\TestSpawner.h">
      <Filter>Debug</Filter>
    </ClInclude>
    <ClInclude Include="Manager\InputMap.h">
      <Filter>Manager</Filter>
    </ClInclude>
    <ClInclude Include="Graphics\PrimitiveBuilder.h">
      <Filter>Graphics</Filter>
    </ClInclude>
    <ClInclude Include="Camera\FollowCamera.h">
      <Filter>Camera</Filter>
    </ClInclude>
    <ClInclude Include="Component\WandComponent.h">
      <Filter>Component</Filter>
    </ClInclude>
    <ClInclude Include="Component\HealthComponent.h">
      <Filter>Component</Filter>
    </ClInclude>
    <ClInclude Include="Component\ManaComponent.h">
      <Filter>Component</Filter>
    </ClInclude>
    <ClInclude Include="ECS\System\PhysicsSystem.h">
      <Filter>ECS\System</Filter>
    </ClInclude>
    <ClInclude Include="ECS\System\RenderSystem.h">
      <Filter>ECS\System</Filter>
    </ClInclude>
    <ClInclude Include="ECS\System\WeaponSystem.h">
      <Filter>ECS\System</Filter>
    </ClInclude>
    <ClInclude Include="ECS\System\HitEvent.h">
      <Filter>ECS\System</Filter>
    </ClInclude>
    <ClInclude Include="ECS\System\ProjectileSystem.h">
      <Filter>ECS\System</Filter>
    </ClInclude>
    <ClInclude Include="SpellID.h" />
    <ClInclude Include="Scene\VFXEditorScene.h">
      <Filter>Scene</Filter>
    </ClInclude>
    <ClInclude Include="ECS\System\ProjectileVFXSystem.h">
      <Filter>ECS\System</Filter>
    </ClInclude>
    <ClInclude Include="Component\Projectile\ProjectileComponent.h">
      <Filter>Component\Projectile</Filter>
    </ClInclude>
    <ClInclude Include="Component\Projectile\ProjectileVFXComponent.h">
      <Filter>Component\Projectile</Filter>
    </ClInclude>
    <ClInclude Include="Graphics\Renderer\Renderer.h">
      <Filter>Graphics\Renderer</Filter>
    </ClInclude>
    <ClInclude Include="Graphics\Renderer\RenderStates.h">
      <Filter>Graphics\Renderer</Filter>
    </ClInclude>
    <ClInclude Include="Graphics\Renderer\Skybox.h">
      <Filter>Graphics\Renderer</Filter>
    </ClInclude>
    <ClInclude Include="Graphics\Renderer\ProjectileBillboardRenderer.h">
      <Filter>Graphics\Renderer</Filter>
    </ClInclude>
    <ClInclude Include="Component\Projectile\ProjectileVisualComponent.h">
      <Filter>Component\Projectile</Filter>
    </ClInclude>
    <ClInclude Include="Graphics\Renderer\SpriteRenderer.h">
      <Filter>Graphics\Renderer</Filter>
    </ClInclude>
    <ClInclude Include="Graphics\Renderer\TextRenderer.h">
      <Filter>Graphics\Renderer</Filter>
    </ClInclude>
    <ClInclude Include="UI\BackpackUI.h">
      <Filter>UI</Filter>
    </ClInclude>
    <ClInclude Include="Item\ItemTypes.h">
      <Filter>Item</Filter>
    </ClInclude>
    <ClInclude Include="Item\Items\Fireball.h">
      <Filter>Item\Items</Filter>
    </ClInclude>
    <ClInclude Include="Item\ItemDatabase.h">
      <Filter>Item</Filter>
    </ClInclude>
    <ClInclude Include="Component\AreaStats.h">
      <Filter>Component</Filter>
    </ClInclude>
    <ClInclude Include="Component\BackpackComponent.h">
      <Filter>Component</Filter>
    </ClInclude>
    <ClInclude Include="Item\BackpackLogic.h">
      <Filter>Item</Filter>
    </ClInclude>
    <ClInclude Include="Item\Items\SplitRune.h">
      <Filter>Item\Items</Filter>
    </ClInclude>
    <ClInclude Include="Item\Items\DoubleCastRune.h">
      <Filter>Item\Items</Filter>
    </ClInclude>
    <ClInclude Include="ECS\System\BackpackAggregateSystem.h">
      <Filter>ECS\System</Filter>
    </ClInclude>
    <ClInclude Include="Player\PlayerControlSystem.h">
      <Filter>Player</Filter>
    </ClInclude>
    <ClInclude Include="Player\PlayerTag.h">
      <Filter>Player</Filter>
    </ClInclude>
    <ClInclude Include="Player\PlayerStateComponent.h">
      <Filter>Player</Filter>
    </ClInclude>
    <ClInclude Include="Player\PlayerFactory.h">
      <Filter>Player</Filter>
    </ClInclude>
    <ClInclude Include="Player\PlayerStateSystem.h">
      <Filter>Player</Filter>
    </ClInclude>
    <ClInclude Include="Player\PlayerStatsComponent.h">
      <Filter>Player</Filter>
    </ClInclude>
    <ClInclude Include="Graphics\Shader\ShaderPath.h">
      <Filter>Graphics\Shader</Filter>
    </ClInclude>
    <ClInclude Include="Item\Items\Frame3x3.h">
      <Filter>Item\Items</Filter>
    </ClInclude>
    <ClInclude Include="Component\SpellbookComponent.h">
      <Filter>Component</Filter>
    </ClInclude>
    <ClInclude Include="Player\LevelComponent.h">
      <Filter>Player</Filter>
    </ClInclude>
    <ClInclude Include="Item\ExpOrbComponent.h">
      <Filter>Item</Filter>
    </ClInclude>
    <ClInclude Include="Item\ExpOrbSystem.h">
      <Filter>Item</Filter>
    </ClInclude>
    <ClInclude Include="Item\ExpRewardComponent.h">
      <Filter>Item</Filter>
    </ClInclude>
    <ClInclude Include="UI\LevelUpSystem.h">
      <Filter>UI</Filter>
    </ClInclude>
    <ClInclude Include="UI\LevelUpUI.h">
      <Filter>UI</Filter>
    </ClInclude>
    <ClInclude Include="UI\UIManager.h">
      <Filter>UI</Filter>
    </ClInclude>
    <ClInclude Include="UI\HUD.h">
      <Filter>UI</Filter>
    </ClInclude>
  </ItemGroup>
  <ItemGroup>
    <FxCompile Include="Shader\PS.hlsl">
      <Filter>Graphics\Shader\HLSL</Filter>
    </FxCompile>
    <FxCompile Include="Shader\VS.hlsl">
      <Filter>Graphics\Shader\HLSL</Filter>
    </FxCompile>
    <FxCompile Include="Shader\Particle\InitDeadListCS.hlsl">
      <Filter>Graphics\Shader\HLSL\Particle</Filter>
    </FxCompile>
    <FxCompile Include="Shader\Particle\ParticlePS.hlsl">
      <Filter>Graphics\Shader\HLSL\Particle</Filter>
    </FxCompile>
    <FxCompile Include="Shader\Particle\ParticleVS.hlsl">
      <Filter>Graphics\Shader\HLSL\Particle</Filter>
    </FxCompile>
    <FxCompile Include="Shader\Particle\ParticleEmitCS.hlsl">
      <Filter>Graphics\Shader\HLSL\Particle</Filter>
    </FxCompile>
    <FxCompile Include="Shader\Particle\ParticleUpdateCS.hlsl">
      <Filter>Graphics\Shader\HLSL\Particle</Filter>
    </FxCompile>
    <FxCompile Include="Shader\Particle\GPUParticlePS.hlsl">
      <Filter>Graphics\Shader\HLSL\Particle</Filter>
    </FxCompile>
    <FxCompile Include="Shader\Particle\GPUParticleVS.hlsl">
      <Filter>Graphics\Shader\HLSL\Particle</Filter>
    </FxCompile>
    <FxCompile Include="Shader\PBR_PS.hlsl">
      <Filter>Graphics\Shader\HLSL</Filter>
    </FxCompile>
    <FxCompile Include="Shader\PBR_VS.hlsl">
      <Filter>Graphics\Shader\HLSL</Filter>
    </FxCompile>
    <FxCompile Include="Shader\SkyPS.hlsl">
      <Filter>Graphics\Shader\HLSL</Filter>
    </FxCompile>
    <FxCompile Include="Shader\SkyVS.hlsl">
      <Filter>Graphics\Shader\HLSL</Filter>
    </FxCompile>
    <FxCompile Include="Shader\Skinning\SkinningCS.hlsl">
      <Filter>Graphics\Shader\HLSL\Skinning</Filter>
    </FxCompile>
    <FxCompile Include="Shader\Skinning\SkinnedPS.hlsl">
      <Filter>Graphics\Shader\HLSL\Skinning</Filter>
    </FxCompile>
    <FxCompile Include="Shader\Skinning\SkinnedVS.hlsl">
      <Filter>Graphics\Shader\HLSL\Skinning</Filter>
    </FxCompile>
    <FxCompile Include="Shader\Projectile\ProjectileVS.hlsl">
      <Filter>Graphics\Shader\HLSL\Projectile</Filter>
    </FxCompile>
    <FxCompile Include="Shader\Projectile\ProjectilePS.hlsl">
      <Filter>Graphics\Shader\HLSL\Projectile</Filter>
    </FxCompile>
    <FxCompile Include="Shader\UI\SpritePS.hlsl">
      <Filter>Graphics\Shader\HLSL\UI</Filter>
    </FxCompile>
    <FxCompile Include="Shader\UI\SpriteVS.hlsl">
      <Filter>Graphics\Shader\HLSL\UI</Filter>
    </FxCompile>
  </ItemGroup>
  <ItemGroup>
    <None Include="Shader\Particle\Common\ParticleCommon.hlsli">
      <Filter>Graphics\Shader\HLSL\Particle\Common</Filter>
    </None>
    <None Include="Shader\Particle\Common\EmitBox.hlsli">
      <Filter>Graphics\Shader\HLSL\Particle\Common</Filter>
    </None>
    <None Include="Shader\Particle\Common\EmitCone.hlsli">
      <Filter>Graphics\Shader\HLSL\Particle\Common</Filter>
    </None>
    <None Include="Shader\Particle\Common\EmitDisc.hlsli">
      <Filter>Graphics\Shader\HLSL\Particle\Common</Filter>
    </None>
    <None Include="Shader\Particle\Common\EmitMesh.hlsli">
      <Filter>Graphics\Shader\HLSL\Particle\Common</Filter>
    </None>
    <None Include="Shader\Particle\Common\EmitPoint.hlsli">
      <Filter>Graphics\Shader\HLSL\Particle\Common</Filter>
    </None>
    <None Include="Shader\Particle\Common\EmitRing.hlsli">
      <Filter>Graphics\Shader\HLSL\Particle\Common</Filter>
    </None>
    <None Include="Shader\Particle\Common\EmitSphere.hlsli">
      <Filter>Graphics\Shader\HLSL\Particle\Common</Filter>
    </None>
    <None Include="packages.config" />
    <None Include="Assets\Fonts\font_jp.spritefont">
      <Filter>Assets\Fonts</Filter>
    </None>
  </ItemGroup>
</Project>