<?xml version="1.0" encoding="utf-8"?>
<Project ToolsVersion="4.0" xmlns="http://schemas.microsoft.com/developer/msbuild/2003">
  <ItemGroup>
    <Filter Include="Core">
      <UniqueIdentifier>{3c6e462f-3467-4c11-a3ca-89d848f92a6a}</UniqueIdentifier>
    </Filter>
    <Filter Include="Core\Timer">
      <UniqueIdentifier>{90443655-2ef1-4f5e-818d-c6a6aa879114}</UniqueIdentifier>
    </Filter>
    <Filter Include="Component">
      <UniqueIdentifier>{9ae45ef9-0896-448f-987a-bc8b3d600ef7}</UniqueIdentifier>
    </Filter>
    <Filter Include="Object">
      <UniqueIdentifier>{6f98e7a6-a191-43f0-83f1-3b92970fe2d2}</UniqueIdentifier>
    </Filter>
    <Filter Include="Scene">
      <UniqueIdentifier>{27bfe7fb-ef44-486a-a4ef-1c6e851509e8}</UniqueIdentifier>
    </Filter>
    <Filter Include="Debug">
      <UniqueIdentifier>{5f3639ec-0348-40d7-bb8e-ff1e2d9a0dfe}</UniqueIdentifier>
    </Filter>
    <Filter Include="Debug\ImGui">
      <UniqueIdentifier>{059b4fc5-12a6-4151-9213-2fee5042175a}</UniqueIdentifier>
    </Filter>
    <Filter Include="Graphics">
      <UniqueIdentifier>{85bacaab-b8d4-4725-9aa0-31cdf2bfa5ed}</UniqueIdentifier>
    </Filter>
    <Filter Include="Graphics\Mesh">
      <UniqueIdentifier>{2ff99da2-866c-4b18-8910-3cea79ca44a7}</UniqueIdentifier>
    </Filter>
    <Filter Include="Graphics\Shader">
      <UniqueIdentifier>{03e81f4e-638a-4338-8fc1-19aaa5f1c23e}</UniqueIdentifier>
    </Filter>
    <Filter Include="Graphics\Material">
      <UniqueIdentifier>{bddc44d8-1353-4fbf-bb41-dded0db1d328}</UniqueIdentifier>
    </Filter>
    <Filter Include="Graphics\Model">
      <UniqueIdentifier>{0740ac38-a608-46de-a0ac-4dd6989c71c3}</UniqueIdentifier>
    </Filter>
    <Filter Include="Graphics\Light">
      <UniqueIdentifier>{5b510f09-d5dc-4867-aaf6-3532f2128005}</UniqueIdentifier>
    </Filter>
    <Filter Include="Particle">
      <UniqueIdentifier>{a7bf1cf7-0ce7-4517-a514-814a5054ada4}</UniqueIdentifier>
    </Filter>
    <Filter Include="Particle\TestCpuParricles">
      <UniqueIdentifier>{d43e2fc1-f01c-41b8-9e58-05c35c9713a1}</UniqueIdentifier>
    </Filter>
    <Filter Include="Graphics\Shader\HLSL">
      <UniqueIdentifier>{67DA6AB6-F800-4c08-8B7A-83BB121AAD01}</UniqueIdentifier>
      <Extensions>rc;ico;cur;bmp;dlg;rc2;rct;bin;rgs;gif;jpg;jpeg;jpe;resx;tiff;tif;png;wav;mfcribbon-ms</Extensions>
    </Filter>
    <Filter Include="Graphics\Shader\HLSL\Particle">
      <UniqueIdentifier>{94a7dd83-707a-4a0e-9bad-58ceed3674f7}</UniqueIdentifier>
    </Filter>
    <Filter Include="Graphics\Shader\HLSL\Particle\Common">
      <UniqueIdentifier>{3c8d9031-e831-416a-beea-c2950a03aa50}</UniqueIdentifier>
    </Filter>
    <Filter Include="Manager">
      <UniqueIdentifier>{75d9783c-b55a-472c-ad83-fa5cb325c86d}</UniqueIdentifier>
    </Filter>
    <Filter Include="Camera">
      <UniqueIdentifier>{484af747-754a-4d10-9c87-07291afa2729}</UniqueIdentifier>
    </Filter>
  </ItemGroup>
  <ItemGroup>
    <ClCompile Include="Application.cpp">
      <Filter>Core</Filter>
    </ClCompile>
    <ClCompile Include="Window.cpp">
      <Filter>Core</Filter>
    </ClCompile>
    <ClCompile Include="EngineTimer.cpp">
      <Filter>Core\Timer</Filter>
    </ClCompile>
    <ClCompile Include="GameTimer.cpp">
      <Filter>Core\Timer</Filter>
    </ClCompile>
    <ClCompile Include="main.cpp">
      <Filter>Core</Filter>
    </ClCompile>
    <ClCompile Include="Graphics.cpp">
      <Filter>Graphics</Filter>
    </ClCompile>
    <ClCompile Include="Transform.cpp">
      <Filter>Graphics</Filter>
    </ClCompile>
    <ClCompile Include="Mesh.cpp">
      <Filter>Graphics\Mesh</Filter>
    </ClCompile>
    <ClCompile Include="Renderer.cpp">
      <Filter>Graphics</Filter>
    </ClCompile>
    <ClCompile Include="TestCube.cpp">
      <Filter>Object</Filter>
    </ClCompile>
    <ClCompile Include="Material.cpp">
      <Filter>Graphics\Material</Filter>
    </ClCompile>
    <ClCompile Include="Texture.cpp">
      <Filter>Graphics\Material</Filter>
    </ClCompile>
    <ClCompile Include="SceneManager.cpp">
      <Filter>Scene</Filter>
    </ClCompile>
    <ClCompile Include="TestScene.cpp">
      <Filter>Scene</Filter>
    </ClCompile>
    <ClCompile Include="SceneBase.cpp">
      <Filter>Scene</Filter>
    </ClCompile>
    <ClCompile Include="ObjectManager.cpp">
      <Filter>Object</Filter>
    </ClCompile>
    <ClCompile Include="Shader.cpp">
      <Filter>Graphics\Shader</Filter>
    </ClCompile>
    <ClCompile Include="MeshRenderer.cpp">
      <Filter>Component</Filter>
    </ClCompile>
    <ClCompile Include="ThirdParty\ImGui\imgui.cpp">
      <Filter>Debug\ImGui</Filter>
    </ClCompile>
    <ClCompile Include="ThirdParty\ImGui\imgui_draw.cpp">
      <Filter>Debug\ImGui</Filter>
    </ClCompile>
    <ClCompile Include="ThirdParty\ImGui\imgui_impl_dx11.cpp">
      <Filter>Debug\ImGui</Filter>
    </ClCompile>
    <ClCompile Include="ThirdParty\ImGui\imgui_impl_win32.cpp">
      <Filter>Debug\ImGui</Filter>
    </ClCompile>
    <ClCompile Include="ThirdParty\ImGui\imgui_tables.cpp">
      <Filter>Debug\ImGui</Filter>
    </ClCompile>
    <ClCompile Include="ThirdParty\ImGui\imgui_widgets.cpp">
      <Filter>Debug\ImGui</Filter>
    </ClCompile>
    <ClCompile Include="ImGuiManager.cpp">
      <Filter>Debug</Filter>
    </ClCompile>
    <ClCompile Include="Model.cpp">
      <Filter>Graphics\Model</Filter>
    </ClCompile>
    <ClCompile Include="ModelRenderer.cpp">
      <Filter>Component</Filter>
    </ClCompile>
    <ClCompile Include="ThirdParty\stb_image\stb_image.cpp">
      <Filter>Graphics\Material</Filter>
    </ClCompile>
    <ClCompile Include="GameObject.cpp">
      <Filter>Object</Filter>
    </ClCompile>
    <ClCompile Include="Game.cpp">
      <Filter>Core</Filter>
    </ClCompile>
    <ClCompile Include="GPUParticleSystem.cpp">
      <Filter>Particle</Filter>
    </ClCompile>
    <ClCompile Include="GPUParticleEmitter.cpp">
      <Filter>Particle</Filter>
    </ClCompile>
    <ClCompile Include="CPUParticleSystem.cpp">
      <Filter>Particle\TestCpuParricles</Filter>
    </ClCompile>
    <ClCompile Include="ParticleEmitter.cpp">
      <Filter>Particle\TestCpuParricles</Filter>
    </ClCompile>
    <ClCompile Include="ParticleRenderer.cpp">
      <Filter>Particle\TestCpuParricles</Filter>
    </ClCompile>
    <ClCompile Include="ParticleDeadList.cpp">
      <Filter>Particle</Filter>
    </ClCompile>
    <ClCompile Include="GPUParticleTestScene.cpp">
      <Filter>Scene</Filter>
    </ClCompile>
    <ClCompile Include="ImGuiRenderer.cpp">
      <Filter>Debug</Filter>
    </ClCompile>
    <ClCompile Include="DebugManager.cpp">
      <Filter>Debug</Filter>
    </ClCompile>
    <ClCompile Include="InputManager.cpp">
      <Filter>Manager</Filter>
    </ClCompile>
    <ClCompile Include="ResourceManager.cpp">
      <Filter>Manager</Filter>
    </ClCompile>
    <ClCompile Include="CameraBase.cpp">
      <Filter>Camera</Filter>
    </ClCompile>
    <ClCompile Include="DebugCamera.cpp">
      <Filter>Camera</Filter>
    </ClCompile>
    <ClCompile Include="DebugLineRenderer.cpp">
      <Filter>Debug</Filter>
    </ClCompile>
    <ClCompile Include="ParticleEffect.cpp">
      <Filter>Particle</Filter>
    </ClCompile>
  </ItemGroup>
  <ItemGroup>
    <ClInclude Include="Application.h">
      <Filter>Core</Filter>
    </ClInclude>
    <ClInclude Include="Window.h">
      <Filter>Core</Filter>
    </ClInclude>
    <ClInclude Include="EngineTimer.h">
      <Filter>Core\Timer</Filter>
    </ClInclude>
    <ClInclude Include="GameTimer.h">
      <Filter>Core\Timer</Filter>
    </ClInclude>
    <ClInclude Include="Component.h">
      <Filter>Component</Filter>
    </ClInclude>
    <ClInclude Include="GameObject.h">
      <Filter>Object</Filter>
    </ClInclude>
    <ClInclude Include="Graphics.h">
      <Filter>Graphics</Filter>
    </ClInclude>
    <ClInclude Include="ConstantBuffer.h">
      <Filter>Graphics</Filter>
    </ClInclude>
    <ClInclude Include="Mesh.h">
      <Filter>Graphics\Mesh</Filter>
    </ClInclude>
    <ClInclude Include="Shader.h">
      <Filter>Graphics\Shader</Filter>
    </ClInclude>
    <ClInclude Include="Renderer.h">
      <Filter>Graphics</Filter>
    </ClInclude>
    <ClInclude Include="TestCube.h">
      <Filter>Object</Filter>
    </ClInclude>
    <ClInclude Include="Material.h">
      <Filter>Graphics\Material</Filter>
    </ClInclude>
    <ClInclude Include="Texture.h">
      <Filter>Graphics\Material</Filter>
    </ClInclude>
    <ClInclude Include="SceneBase.h">
      <Filter>Scene</Filter>
    </ClInclude>
    <ClInclude Include="SceneManager.h">
      <Filter>Scene</Filter>
    </ClInclude>
    <ClInclude Include="TestScene.h">
      <Filter>Scene</Filter>
    </ClInclude>
    <ClInclude Include="ObjectManager.h">
      <Filter>Object</Filter>
    </ClInclude>
    <ClInclude Include="SceneType.h">
      <Filter>Scene</Filter>
    </ClInclude>
    <ClInclude Include="MeshRenderer.h">
      <Filter>Component</Filter>
    </ClInclude>
    <ClInclude Include="ThirdParty\ImGui\imconfig.h">
      <Filter>Debug\ImGui</Filter>
    </ClInclude>
    <ClInclude Include="ThirdParty\ImGui\imgui.h">
      <Filter>Debug\ImGui</Filter>
    </ClInclude>
    <ClInclude Include="ThirdParty\ImGui\imgui_impl_win32.h">
      <Filter>Debug\ImGui</Filter>
    </ClInclude>
    <ClInclude Include="ThirdParty\ImGui\imgui_internal.h">
      <Filter>Debug\ImGui</Filter>
    </ClInclude>
    <ClInclude Include="ThirdParty\ImGui\imstb_rectpack.h">
      <Filter>Debug\ImGui</Filter>
    </ClInclude>
    <ClInclude Include="ThirdParty\ImGui\imstb_textedit.h">
      <Filter>Debug\ImGui</Filter>
    </ClInclude>
    <ClInclude Include="ThirdParty\ImGui\imstb_truetype.h">
      <Filter>Debug\ImGui</Filter>
    </ClInclude>
    <ClInclude Include="ThirdParty\ImGui\imgui_impl_dx11.h">
      <Filter>Debug\ImGui</Filter>
    </ClInclude>
    <ClInclude Include="ImGuiManager.h">
      <Filter>Debug</Filter>
    </ClInclude>
    <ClInclude Include="VertexBuffer.h">
      <Filter>Graphics\Mesh</Filter>
    </ClInclude>
    <ClInclude Include="IndexBuffer.h">
      <Filter>Graphics\Mesh</Filter>
    </ClInclude>
    <ClInclude Include="Vertex3D.h">
      <Filter>Graphics\Mesh</Filter>
    </ClInclude>
    <ClInclude Include="Model.h">
      <Filter>Graphics\Model</Filter>
    </ClInclude>
    <ClInclude Include="ModelRenderer.h">
      <Filter>Component</Filter>
    </ClInclude>
    <ClInclude Include="ThirdParty\stb_image\stb_image.h">
      <Filter>Graphics\Material</Filter>
    </ClInclude>
    <ClInclude Include="LightTypes.h">
      <Filter>Graphics\Light</Filter>
    </ClInclude>
    <ClInclude Include="Game.h">
      <Filter>Core</Filter>
    </ClInclude>
    <ClInclude Include="Transform.h">
      <Filter>Graphics</Filter>
    </ClInclude>
    <ClInclude Include="GPUParticleSystem.h">
      <Filter>Particle</Filter>
    </ClInclude>
    <ClInclude Include="GPUParticle.h">
      <Filter>Particle</Filter>
    </ClInclude>
    <ClInclude Include="GPUParticleEmitter.h">
      <Filter>Particle</Filter>
    </ClInclude>
    <ClInclude Include="CPUParticleSystem.h">
      <Filter>Particle\TestCpuParricles</Filter>
    </ClInclude>
    <ClInclude Include="Particle.h">
      <Filter>Particle\TestCpuParricles</Filter>
    </ClInclude>
    <ClInclude Include="ParticleEmitter.h">
      <Filter>Particle\TestCpuParricles</Filter>
    </ClInclude>
    <ClInclude Include="ParticleRenderer.h">
      <Filter>Particle\TestCpuParricles</Filter>
    </ClInclude>
    <ClInclude Include="ParticleDeadList.h">
      <Filter>Particle</Filter>
    </ClInclude>
    <ClInclude Include="GPUParticleTestScene.h">
      <Filter>Scene</Filter>
    </ClInclude>
    <ClInclude Include="ImGuiRenderer.h">
      <Filter>Debug</Filter>
    </ClInclude>
    <ClInclude Include="DebugManager.h">
      <Filter>Debug</Filter>
    </ClInclude>
    <ClInclude Include="InputManager.h">
      <Filter>Manager</Filter>
    </ClInclude>
    <ClInclude Include="ResourceManager.h">
      <Filter>Manager</Filter>
    </ClInclude>
    <ClInclude Include="CameraBase.h">
      <Filter>Camera</Filter>
    </ClInclude>
    <ClInclude Include="DebugCamera.h">
      <Filter>Camera</Filter>
    </ClInclude>
    <ClInclude Include="DebugLineRenderer.h">
      <Filter>Debug</Filter>
    </ClInclude>
    <ClInclude Include="ParticleEffect.h">
      <Filter>Particle</Filter>
    </ClInclude>
  </ItemGroup>
  <ItemGroup>
    <FxCompile Include="Shader\PS.hlsl">
      <Filter>Graphics\Shader\HLSL</Filter>
    </FxCompile>
    <FxCompile Include="Shader\VS.hlsl">
      <Filter>Graphics\Shader\HLSL</Filter>
    </FxCompile>
    <FxCompile Include="Shader\Particle\InitDeadListCS.hlsl">
      <Filter>Graphics\Shader\HLSL\Particle</Filter>
    </FxCompile>
    <FxCompile Include="Shader\Particle\ParticlePS.hlsl">
      <Filter>Graphics\Shader\HLSL\Particle</Filter>
    </FxCompile>
    <FxCompile Include="Shader\Particle\ParticleVS.hlsl">
      <Filter>Graphics\Shader\HLSL\Particle</Filter>
    </FxCompile>
    <FxCompile Include="Shader\Particle\ParticleEmitCS.hlsl">
      <Filter>Graphics\Shader\HLSL\Particle</Filter>
    </FxCompile>
    <FxCompile Include="Shader\Particle\ParticleUpdateCS.hlsl">
      <Filter>Graphics\Shader\HLSL\Particle</Filter>
    </FxCompile>
    <FxCompile Include="Shader\Particle\GPUParticlePS.hlsl">
      <Filter>Graphics\Shader\HLSL\Particle</Filter>
    </FxCompile>
    <FxCompile Include="Shader\Particle\GPUParticleVS.hlsl">
      <Filter>Graphics\Shader\HLSL\Particle</Filter>
    </FxCompile>
  </ItemGroup>
  <ItemGroup>
    <None Include="packages.config" />
    <None Include="Shader\Particle\Common\ParticleCommon.hlsli">
      <Filter>Graphics\Shader\HLSL\Particle\Common</Filter>
    </None>
    <None Include="Shader\Particle\Common\EmitBox.hlsli">
      <Filter>Graphics\Shader\HLSL\Particle\Common</Filter>
    </None>
    <None Include="Shader\Particle\Common\EmitCone.hlsli">
      <Filter>Graphics\Shader\HLSL\Particle\Common</Filter>
    </None>
    <None Include="Shader\Particle\Common\EmitDisc.hlsli">
      <Filter>Graphics\Shader\HLSL\Particle\Common</Filter>
    </None>
    <None Include="Shader\Particle\Common\EmitMesh.hlsli">
      <Filter>Graphics\Shader\HLSL\Particle\Common</Filter>
    </None>
    <None Include="Shader\Particle\Common\EmitPoint.hlsli">
      <Filter>Graphics\Shader\HLSL\Particle\Common</Filter>
    </None>
    <None Include="Shader\Particle\Common\EmitRing.hlsli">
      <Filter>Graphics\Shader\HLSL\Particle\Common</Filter>
    </None>
    <None Include="Shader\Particle\Common\EmitSphere.hlsli">
      <Filter>Graphics\Shader\HLSL\Particle\Common</Filter>
    </None>
  </ItemGroup>
</Project>